
Microsoft Visual Studio Solution File, Format Version 12.00
# Visual Studio Version 17
VisualStudioVersion = 17.10.34916.146
MinimumVisualStudioVersion = 10.0.40219.1
Project("{FAE04EC0-301F-11D3-BF4B-00C04F79EFBC}") = "ActionResultTypes", "ActionResultTypes\ActionResultTypes.csproj", "{BE95E4D4-7723-425B-8214-5907F1DC4D67}"
EndProject
Global
	GlobalSection(SolutionConfigurationPlatforms) = preSolution
		Debug|Any CPU = Debug|Any CPU
		Release|Any CPU = Release|Any CPU
	EndGlobalSection
	GlobalSection(ProjectConfigurationPlatforms) = postSolution
		{BE95E4D4-7723-425B-8214-5907F1DC4D67}.Debug|Any CPU.ActiveCfg = Debug|Any CPU
		{BE95E4D4-7723-425B-8214-5907F1DC4D67}.Debug|Any CPU.Build.0 = Debug|Any CPU
		{BE95E4D4-7723-425B-8214-5907F1DC4D67}.Release|Any CPU.ActiveCfg = Release|Any CPU
		{BE95E4D4-7723-425B-8214-5907F1DC4D67}.Release|Any CPU.Build.0 = Release|Any CPU
	EndGlobalSection
	GlobalSection(SolutionProperties) = preSolution
		HideSolutionNode = FALSE
	EndGlobalSection
	GlobalSection(ExtensibilityGlobals) = postSolution
		SolutionGuid = {55274A23-3A36-4CDA-B6F9-C3F59735CF13}
	EndGlobalSection
EndGlobal
